
Microsoft Visual Studio Solution File, Format Version 12.00
# Visual Studio 15
Project("{FAE04EC0-301F-11D3-BF4B-00C04F79EFBC}") = "NServiceBus.Transport.Amqp", "NServiceBus.Transport.Amqp\NServiceBus.Transport.Amqp.csproj", "{DE08813E-5278-4B6A-A21F-07075E18FE84}"
EndProject
Project("{FAE04EC0-301F-11D3-BF4B-00C04F79EFBC}") = "AmqpQueueSample.Sender", "Samples\AmqpQueueSample.Sender\AmqpQueueSample.Sender.csproj", "{208F817C-98B9-4F3D-AB95-46A13E33A45F}"
EndProject
Project("{FAE04EC0-301F-11D3-BF4B-00C04F79EFBC}") = "AmqpQueueSample.Receiver", "Samples\AmqpQueueSample.Receiver\AmqpQueueSample.Receiver.csproj", "{000AE3A3-55AF-40E7-9CBE-D32C33D31B3D}"
EndProject
Project("{2150E333-8FDC-42A3-9474-1A3956D46DE8}") = "Samples", "Samples", "{95CE0378-CC58-45D4-A101-D357C0691398}"
EndProject
Project("{2150E333-8FDC-42A3-9474-1A3956D46DE8}") = "AmqpBasic", "AmqpBasic", "{1A446B10-7EB1-421A-853F-3E48B5AD0216}"
EndProject
Project("{2150E333-8FDC-42A3-9474-1A3956D46DE8}") = "NsbBasic", "NsbBasic", "{CA425AEA-E6F3-4B4E-9AF2-1C56E90A6267}"
EndProject
Project("{FAE04EC0-301F-11D3-BF4B-00C04F79EFBC}") = "NsbSample.Integration.Messages", "Samples\NsbSample.Integration.Messages\NsbSample.Integration.Messages.csproj", "{483C05B1-3ADA-4442-916A-5F922D921ABB}"
EndProject
Project("{FAE04EC0-301F-11D3-BF4B-00C04F79EFBC}") = "NsbSample.Server", "Samples\NsbSample.Server\NsbSample.Server.csproj", "{F9C617F2-D738-4186-9C3B-51FF0FC92C74}"
EndProject
Project("{FAE04EC0-301F-11D3-BF4B-00C04F79EFBC}") = "NsbSample.Client", "Samples\NsbSample.Client\NsbSample.Client.csproj", "{8B06905C-DC9E-4845-A058-496A3B485DE1}"
EndProject
Project("{FAE04EC0-301F-11D3-BF4B-00C04F79EFBC}") = "NsbAmqpSample.Client", "Samples\NsbAmqpSample.Client\NsbAmqpSample.Client.csproj", "{C26375CF-9D44-4261-B4BC-BDC83B852C2D}"
EndProject
Project("{FAE04EC0-301F-11D3-BF4B-00C04F79EFBC}") = "NsbAmqpSample.Server", "Samples\NsbAmqpSample.Server\NsbAmqpSample.Server.csproj", "{31B53EC8-DE26-433F-8F1C-2E6DBB2D5E78}"
EndProject
Project("{2150E333-8FDC-42A3-9474-1A3956D46DE8}") = "Library", "Library", "{474EEB72-8CD9-4F88-975B-46F6E9CB9C7B}"
EndProject
Global
	GlobalSection(SolutionConfigurationPlatforms) = preSolution
		Debug|Any CPU = Debug|Any CPU
		Release|Any CPU = Release|Any CPU
	EndGlobalSection
	GlobalSection(ProjectConfigurationPlatforms) = postSolution
		{DE08813E-5278-4B6A-A21F-07075E18FE84}.Debug|Any CPU.ActiveCfg = Debug|Any CPU
		{DE08813E-5278-4B6A-A21F-07075E18FE84}.Debug|Any CPU.Build.0 = Debug|Any CPU
		{DE08813E-5278-4B6A-A21F-07075E18FE84}.Release|Any CPU.ActiveCfg = Release|Any CPU
		{DE08813E-5278-4B6A-A21F-07075E18FE84}.Release|Any CPU.Build.0 = Release|Any CPU
		{208F817C-98B9-4F3D-AB95-46A13E33A45F}.Debug|Any CPU.ActiveCfg = Debug|Any CPU
		{208F817C-98B9-4F3D-AB95-46A13E33A45F}.Debug|Any CPU.Build.0 = Debug|Any CPU
		{208F817C-98B9-4F3D-AB95-46A13E33A45F}.Release|Any CPU.ActiveCfg = Release|Any CPU
		{208F817C-98B9-4F3D-AB95-46A13E33A45F}.Release|Any CPU.Build.0 = Release|Any CPU
		{000AE3A3-55AF-40E7-9CBE-D32C33D31B3D}.Debug|Any CPU.ActiveCfg = Debug|Any CPU
		{000AE3A3-55AF-40E7-9CBE-D32C33D31B3D}.Debug|Any CPU.Build.0 = Debug|Any CPU
		{000AE3A3-55AF-40E7-9CBE-D32C33D31B3D}.Release|Any CPU.ActiveCfg = Release|Any CPU
		{000AE3A3-55AF-40E7-9CBE-D32C33D31B3D}.Release|Any CPU.Build.0 = Release|Any CPU
		{483C05B1-3ADA-4442-916A-5F922D921ABB}.Debug|Any CPU.ActiveCfg = Debug|Any CPU
		{483C05B1-3ADA-4442-916A-5F922D921ABB}.Debug|Any CPU.Build.0 = Debug|Any CPU
		{483C05B1-3ADA-4442-916A-5F922D921ABB}.Release|Any CPU.ActiveCfg = Release|Any CPU
		{483C05B1-3ADA-4442-916A-5F922D921ABB}.Release|Any CPU.Build.0 = Release|Any CPU
		{F9C617F2-D738-4186-9C3B-51FF0FC92C74}.Debug|Any CPU.ActiveCfg = Debug|Any CPU
		{F9C617F2-D738-4186-9C3B-51FF0FC92C74}.Debug|Any CPU.Build.0 = Debug|Any CPU
		{F9C617F2-D738-4186-9C3B-51FF0FC92C74}.Release|Any CPU.ActiveCfg = Release|Any CPU
		{F9C617F2-D738-4186-9C3B-51FF0FC92C74}.Release|Any CPU.Build.0 = Release|Any CPU
		{8B06905C-DC9E-4845-A058-496A3B485DE1}.Debug|Any CPU.ActiveCfg = Debug|Any CPU
		{8B06905C-DC9E-4845-A058-496A3B485DE1}.Debug|Any CPU.Build.0 = Debug|Any CPU
		{8B06905C-DC9E-4845-A058-496A3B485DE1}.Release|Any CPU.ActiveCfg = Release|Any CPU
		{8B06905C-DC9E-4845-A058-496A3B485DE1}.Release|Any CPU.Build.0 = Release|Any CPU
		{C26375CF-9D44-4261-B4BC-BDC83B852C2D}.Debug|Any CPU.ActiveCfg = Debug|Any CPU
		{C26375CF-9D44-4261-B4BC-BDC83B852C2D}.Debug|Any CPU.Build.0 = Debug|Any CPU
		{C26375CF-9D44-4261-B4BC-BDC83B852C2D}.Release|Any CPU.ActiveCfg = Release|Any CPU
		{C26375CF-9D44-4261-B4BC-BDC83B852C2D}.Release|Any CPU.Build.0 = Release|Any CPU
		{31B53EC8-DE26-433F-8F1C-2E6DBB2D5E78}.Debug|Any CPU.ActiveCfg = Debug|Any CPU
		{31B53EC8-DE26-433F-8F1C-2E6DBB2D5E78}.Debug|Any CPU.Build.0 = Debug|Any CPU
		{31B53EC8-DE26-433F-8F1C-2E6DBB2D5E78}.Release|Any CPU.ActiveCfg = Release|Any CPU
		{31B53EC8-DE26-433F-8F1C-2E6DBB2D5E78}.Release|Any CPU.Build.0 = Release|Any CPU
	EndGlobalSection
	GlobalSection(NestedProjects) = preSolution
		{1A446B10-7EB1-421A-853F-3E48B5AD0216} = {95CE0378-CC58-45D4-A101-D357C0691398}
		{000AE3A3-55AF-40E7-9CBE-D32C33D31B3D} = {1A446B10-7EB1-421A-853F-3E48B5AD0216}
		{208F817C-98B9-4F3D-AB95-46A13E33A45F} = {1A446B10-7EB1-421A-853F-3E48B5AD0216}
		{CA425AEA-E6F3-4B4E-9AF2-1C56E90A6267} = {95CE0378-CC58-45D4-A101-D357C0691398}
		{483C05B1-3ADA-4442-916A-5F922D921ABB} = {CA425AEA-E6F3-4B4E-9AF2-1C56E90A6267}
		{F9C617F2-D738-4186-9C3B-51FF0FC92C74} = {CA425AEA-E6F3-4B4E-9AF2-1C56E90A6267}
		{8B06905C-DC9E-4845-A058-496A3B485DE1} = {CA425AEA-E6F3-4B4E-9AF2-1C56E90A6267}
		{C26375CF-9D44-4261-B4BC-BDC83B852C2D} = {CA425AEA-E6F3-4B4E-9AF2-1C56E90A6267}
		{31B53EC8-DE26-433F-8F1C-2E6DBB2D5E78} = {CA425AEA-E6F3-4B4E-9AF2-1C56E90A6267}
		{DE08813E-5278-4B6A-A21F-07075E18FE84} = {474EEB72-8CD9-4F88-975B-46F6E9CB9C7B}
	EndGlobalSection
EndGlobal
